github.com/Masterminds/semver/v3 v3.2.1 h1:RN9w6+7QoMeJVGyfmbcgs28Br8cvmnucEXnY0rYXWg0=
github.com/Masterminds/semver/v3 v3.2.1/go.mod h1:qvl/7zhW3nngYb5+80sSMF+FG2BjYrf8m9wsX0PNOMQ=
github.com/alecthomas/assert/v2 v2.11.0 h1:2Q9r3ki8+JYXvGsDyBXwH3LcJ+WK5D0gc5E8vS6K3D0=
github.com/alecthomas/assert/v2 v2.11.0/go.mod h1:Bze95FyfUr7x34QZrjL+XP+0qgp/zg8yS+TtBj1WA3k=
github.com/alecthomas/chroma/v2 v2.20.0 h1:sfIHpxPyR07/Oylvmcai3X/exDlE8+FA820NTz+9sGw=
github.com/alecthomas/chroma/v2 v2.20.0/go.mod h1:e7tViK0xh/Nf4BYHl00ycY6rV7b8iXBksI9E359yNmA=
github.com/alecthomas/repr v0.5.1 h1:E3G4t2QbHTSNpPKBgMTln5KLkZHLOcU7r37J4pXBuIg=
github.com/alecthomas/repr v0.5.1/go.mod h1:Fr0507jx4eOXV7AlPV6AVZLYrLIuIeSOWtW57eE/O/4=
github.com/araddon/dateparse v0.0.0-20210429162001-6b43995a97de h1:FxWPpzIjnTlhPwqqXc4/vE0f7GvRjuAsbW+HOIe8KnA=
github.com/araddon/dateparse v0.0.0-20210429162001-6b43995a97de/go.mod h1:DCaWoUhZrYW9p1lxo/cm8EmUOOzAPSEZNGF2DK1dJgw=
github.com/bahlo/generic-list-go v0.2.0 h1:5sz/EEAK+ls5wF+NeqDpk5+iNdMDXrh3z3nPnH1Wvgk=
github.com/bahlo/generic-list-go v0.2.0/go.mod h1:2KvAjgMlE5NNynlg/5iLrrCCZ2+5xWbdbCW3pNTGyYg=
github.com/boombuler/barcode v1.0.0/go.mod h1:paBWMcWSl3LHKBqUq+rly7CNSldXjb2rDl3JlRe0mD8=
github.com/brianvoe/gofakeit/v6 v6.28.0 h1:Xib46XXuQfmlLS2EXRuJpqcw8St6qSZz75OUo0tgAW4=
github.com/brianvoe/gofakeit/v6 v6.28.0/go.mod h1:Xj58BMSnFqcn/fAQeSK+/PLtC5kSb7FJIq4JyGa8vEs=
github.com/buger/jsonparser v1.1.1 h1:2PnMjfWD7wBILjqQbt530v576A/cAbQvEW9gGIpYMUs=
github.com/buger/jsonparser v1.1.1/go.mod h1:6RYKKt7H4d4+iWqouImQ9R2FZql3VbhNgx27UK13J/0=
github.com/cespare/xxhash/v2 v2.3.0 h1:UL815xU9SqsFlibzuggzjXhog7bL6oX9BbNZnL2UFvs=
github.com/cespare/xxhash/v2 v2.3.0/go.mod h1:VGX0DQ3Q6kWi7AoAeZDth3/j3BFtOZR5XLFGgcrjCOs=
github.com/davecgh/go-spew v1.1.0/go.mod h1:J7Y8YcW2NihsgmVo/mv3lAwl/skON4iLHjSsI+c5H38=
github.com/davecgh/go-spew v1.1.1/go.mod h1:J7Y8YcW2NihsgmVo/mv3lAwl/skON4iLHjSsI+c5H38=
github.com/davecgh/go-spew v1.1.2-0.20180830191138-d8f796af33cc h1:U9qPSI2PIWSS1VwoXQT9A3Wy9MM3WgvqSxFWenqJduM=
github.com/davecgh/go-spew v1.1.2-0.20180830191138-d8f796af33cc/go.mod h1:J7Y8YcW2NihsgmVo/mv3lAwl/skON4iLHjSsI+c5H38=
github.com/daveshanley/vacuum v0.18.5 h1:F0KrCZWxG84YoHuv7hGV8F0CPjRWrguO5nbbqvLKp/I=
github.com/daveshanley/vacuum v0.18.5/go.mod h1:WFXyl6siK+MNZz7JvaB6r+hxSxN4T0LdY5Qch4Q6bO4=
github.com/dlclark/regexp2 v1.11.5 h1:Q/sSnsKerHeCkc/jSTNq1oCm7KiVgUMZRDUoRu0JQZQ=
github.com/dlclark/regexp2 v1.11.5/go.mod h1:DHkYz0B9wPfa6wondMfaivmHpzrQ3v9q8cnmRbL6yW8=
github.com/dop251/goja v0.0.0-20250630131328-58d95d85e994 h1:aQYWswi+hRL2zJqGacdCZx32XjKYV8ApXFGntw79XAM=
github.com/dop251/goja v0.0.0-20250630131328-58d95d85e994/go.mod h1:MxLav0peU43GgvwVgNbLAj1s/bSGboKkhuULvq/7hx4=
github.com/dop251/goja_nodejs v0.0.0-20250409162600-f7acab6894b0 h1:fuHXpEVTTk7TilRdfGRLHpiTD6tnT0ihEowCfWjlFvw=
github.com/dop251/goja_nodejs v0.0.0-20250409162600-f7acab6894b0/go.mod h1:Tb7Xxye4LX7cT3i8YLvmPMGCV92IOi4CDZvm/V8ylc0=
github.com/getkin/kin-openapi v0.133.0 h1:pJdmNohVIJ97r4AUFtEXRXwESr8b0bD721u/Tz6k8PQ=
github.com/getkin/kin-openapi v0.133.0/go.mod h1:boAciF6cXk5FhPqe/NQeBTeenbjqU4LhWBf09ILVvWE=
github.com/ghodss/yaml v1.0.0 h1:wQHKEahhL6wmXdzwWG11gIVCkOv05bNOh+Rxn0yngAk=
github.com/ghodss/yaml v1.0.0/go.mod h1:4dBDuWmgqj2HViK6kFavaiC9ZROes6MMH2rRYeMEF04=
github.com/go-openapi/jsonpointer v0.21.0 h1:YgdVicSA9vH5RiHs9TZW5oyafXZFc6+2Vc1rr/O9oNQ=
github.com/go-openapi/jsonpointer v0.21.0/go.mod h1:IUyH9l/+uyhIYQ/PXVA41Rexl+kOkAPDdXEYns6fzUY=
github.com/go-openapi/swag v0.23.0 h1:vsEVJDUo2hPJ2tu0/Xc+4noaxyEffXNIs3cOULZ+GrE=
github.com/go-openapi/swag v0.23.0/go.mod h1:esZ8ITTYEsH1V2trKHjAN8Ai7xHb8RV+YSZ577vPjgQ=
github.com/go-sourcemap/sourcemap v2.1.4+incompatible h1:a+iTbH5auLKxaNwQFg0B+TCYl6lbukKPc7b5x0n1s6Q=
github.com/go-sourcemap/sourcemap v2.1.4+incompatible/go.mod h1:F8jJfvm2KbVjc5NqelyYJmf/v5J0dwNLS2mL4sNA1Jg=
github.com/go-swiss/fonts v0.0.0-20230807175105-90067c2f5042 h1:XixsvBpVfV0N8EhFVDZNvzOZf5nUqfRWXIjrRsuLP7E=
github.com/go-swiss/fonts v0.0.0-20230807175105-90067c2f5042/go.mod h1:kDru5pqfnVEL7+5tYsZOuWRGeWpDJHveRKxRJe5y0hE=
github.com/go-test/deep v1.0.8 h1:TDsG77qcSprGbC6vTN8OuXp5g+J+b5Pcguhf7Zt61VM=
github.com/go-test/deep v1.0.8/go.mod h1:5C2ZWiW0ErCdrYzpqxLbTX7MG14M9iiw8DgHncVwcsE=
github.com/google/go-cmp v0.7.0 h1:wk8382ETsv4JYUZwIsn6YpYiWiBsYLSJiTsyBybVuN8=
github.com/google/go-cmp v0.7.0/go.mod h1:pXiqmnSA92OHEEa9HXL2W4E7lf9JzCmGVUdgjX3N/iU=
github.com/google/gofuzz v1.0.0/go.mod h1:dBl0BpW6vV/+mYPU4Po3pmUjxk6FQPldtuIdl/M65Eg=
github.com/google/pprof v0.0.0-20250501235452-c0086092b71a h1:rDA3FfmxwXR+BVKKdz55WwMJ1pD2hJQNW31d+l3mPk4=
github.com/google/pprof v0.0.0-20250501235452-c0086092b71a/go.mod h1:5hDyRhoBCxViHszMt12TnOpEI4VVi+U8Gm9iphldiMA=
github.com/google/uuid v1.6.0 h1:NIvaJDMOsjHA8n1jAhLSgzrAzy1Hgr+hNrb57e+94F0=
github.com/google/uuid v1.6.0/go.mod h1:TIyPZe4MgqvfeYDBFedMoGGpEw/LqOeaOT+nhxU+yHo=
github.com/hexops/gotextdiff v1.0.3 h1:gitA9+qJrrTCsiCl7+kh75nPqQt1cx4ZkudSTLoUqJM=
github.com/hexops/gotextdiff v1.0.3/go.mod h1:pSWU5MAI3yDq+fZBTazCSJysOMbxWL1BSow5/V2vxeg=
github.com/jellydator/ttlcache/v3 v3.1.0 h1:0gPFG0IHHP6xyUyXq+JaD8fwkDCqgqwohXNJBcYE71g=
github.com/jellydator/ttlcache/v3 v3.1.0/go.mod h1:hi7MGFdMAwZna5n2tuvh63DvFLzVKySzCVW6+0gA2n4=
github.com/jinzhu/inflection v1.0.0 h1:K317FqzuhWc8YvSVlFMCCUb36O/S9MCKRDI7QkRKD/E=
github.com/jinzhu/inflection v1.0.0/go.mod h1:h+uFLlag+Qp1Va5pdKtLDYj+kHp5pxUVkryuEj+Srlc=
github.com/jinzhu/now v1.1.5 h1:/o9tlHleP7gOFmsnYNz3RGnqzefHA47wQpKrrdTIwXQ=
github.com/jinzhu/now v1.1.5/go.mod h1:d3SSVoowX0Lcu0IBviAWJpolVfI5UJVZZ7cO71lE/z8=
github.com/josharian/intern v1.0.0 h1:vlS4z54oSdjm0bgjRigI+G1HpF+tI+9rE5LLzOg8HmY=
github.com/josharian/intern v1.0.0/go.mod h1:5DoeVV0s6jJacbCEi61lwdGj/aVlrQvzHFFd8Hwg//Y=
github.com/json-iterator/go v1.1.12 h1:PV8peI4a0ysnczrg+LtxykD8LfKY9ML6u2jnxaEnrnM=
github.com/json-iterator/go v1.1.12/go.mod h1:e30LSqwooZae/UwlEbR2852Gd8hjQvJoHmT4TnhNGBo=
github.com/jung-kurt/gofpdf v1.0.0/go.mod h1:7Id9E/uU8ce6rXgefFLlgrJj/GYY22cpxn+r32jIOes=
github.com/kr/pretty v0.3.1 h1:flRD4NNwYAUpkphVc1HcthR4KEIFJ65n8Mw5qdRn3LE=
github.com/kr/pretty v0.3.1/go.mod h1:hoEshYVHaxMs3cyo3Yncou5ZscifuDolrwPKZanG3xk=
github.com/kr/text v0.2.0 h1:5Nx0Ya0ZqY2ygV366QzturHI13Jq95ApcVaJBhpS+AY=
github.com/kr/text v0.2.0/go.mod h1:eLer722TekiGuMkidMxC/pM04lWEeraHUUmBw8l2grE=
github.com/mailru/easyjson v0.7.7 h1:UGYAvKxe3sBsEDzO8ZeWOSlIQfWFlxbzLZe7hwFURr0=
github.com/mailru/easyjson v0.7.7/go.mod h1:xzfreul335JAWq5oZzymOObrkdz5UnU4kGfJJLY9Nlc=
github.com/mattn/go-runewidth v0.0.10/go.mod h1:RAqKPSqVFrSLVXbA8x7dzmKdmGzieGRCM46jaSJTDAk=
github.com/mattn/go-sqlite3 v1.14.32 h1:JD12Ag3oLy1zQA+BNn74xRgaBbdhbNIDYvQUEuuErjs=
github.com/mattn/go-sqlite3 v1.14.32/go.mod h1:Uh1q+B4BYcTPb+yiD3kU8Ct7aC0hY9fxUwlHK0RXw+Y=
github.com/mitchellh/mapstructure v1.5.0 h1:jeMsZIYE/09sWLaz43PL7Gy6RuMjD2eJVyuac5Z2hdY=
github.com/mitchellh/mapstructure v1.5.0/go.mod h1:bFUtVrKA4DC2yAKiSyO/QUcy7e+RRV2QTWOzhPopBRo=
github.com/modern-go/concurrent v0.0.0-20180228061459-e0a39a4cb421/go.mod h1:6dJC0mAP4ikYIbvyc7fijjWJddQyLn8Ig3JB5CqoB9Q=
github.com/modern-go/concurrent v0.0.0-20180306012644-bacd9c7ef1dd h1:TRLaZ9cD/w8PVh93nsPXa1VrQ6jlwL5oN8l14QlcNfg=
github.com/modern-go/concurrent v0.0.0-20180306012644-bacd9c7ef1dd/go.mod h1:6dJC0mAP4ikYIbvyc7fijjWJddQyLn8Ig3JB5CqoB9Q=
github.com/modern-go/reflect2 v1.0.2 h1:xBagoLtFs94CBntxluKeaWgTMpvLxC4ur3nMaC9Gz0M=
github.com/modern-go/reflect2 v1.0.2/go.mod h1:yWuevngMOJpCy52FWWMvUC8ws7m/LJsjYzDa0/r8luk=
github.com/mohae/deepcopy v0.0.0-20170929034955-c48cc78d4826 h1:RWengNIwukTxcDr9M+97sNutRR1RKhG96O6jWumTTnw=
github.com/mohae/deepcopy v0.0.0-20170929034955-c48cc78d4826/go.mod h1:TaXosZuwdSHYgviHp1DAtfrULt5eUgsSMsZf+YrPgl8=
github.com/oasdiff/yaml v0.0.0-20250309154309-f31be36b4037 h1:G7ERwszslrBzRxj//JalHPu/3yz+De2J+4aLtSRlHiY=
github.com/oasdiff/yaml v0.0.0-20250309154309-f31be36b4037/go.mod h1:2bpvgLBZEtENV5scfDFEtB/5+1M4hkQhDQrccEJ/qGw=
github.com/oasdiff/yaml3 v0.0.0-20250309153720-d2182401db90 h1:bQx3WeLcUWy+RletIKwUIt4x3t8n2SxavmoclizMb8c=
github.com/oasdiff/yaml3 v0.0.0-20250309153720-d2182401db90/go.mod h1:y5+oSEHCPT/DGrS++Wc/479ERge0zTFxaF8PbGKcg2o=
github.com/pb33f/doctor v0.0.39 h1:znkW0Q0QmWJxm9csmc3iBy/s6kMX0jlQY9Y8KQzSwwQ=
github.com/pb33f/doctor v0.0.39/go.mod h1:cPjjxdJs3ao4o7mUp8i/Wloi37/Ru2ANJ6Qt5EitFjI=
github.com/pb33f/jsonpath v0.1.2 h1:PlqXjEyecMqoYJupLxYeClCGWEpAFnh4pmzgspbXDPI=
github.com/pb33f/jsonpath v0.1.2/go.mod h1:TtKnUnfqZm48q7a56DxB3WtL3ipkVtukMKGKxaR/uXU=
github.com/pb33f/libopenapi v0.28.0 h1:j8o3Tttxo1AvX/QknIVXvmF1ixiR8Bl93FOgB+OQPt0=
github.com/pb33f/libopenapi v0.28.0/go.mod h1:mHMHA3ZKSZDTInNAuUtqkHlKLIjPm2HN1vgsGR57afc=
github.com/pb33f/libopenapi-validator v0.6.3 h1:atjEd0FG6BZkBYx523iR5MWAalMBFY6hyoo83qye/Bw=
github.com/pb33f/libopenapi-validator v0.6.3/go.mod h1:E7cITXYRgk3ZRD2R25uhFB5s67m+XRg9TjwQi/eRtsI=
github.com/pb33f/ordered-map/v2 v2.3.0 h1:k2OhVEQkhTCQMhAicQ3Z6iInzoZNQ7L9MVomwKBZ5WQ=
github.com/pb33f/ordered-map/v2 v2.3.0/go.mod h1:oe5ue+6ZNhy7QN9cPZvPA23Hx0vMHnNVeMg4fGdCANw=
github.com/perimeterx/marshmallow v1.1.5 h1:a2LALqQ1BlHM8PZblsDdidgv1mWi1DgC2UmX50IvK2s=
github.com/perimeterx/marshmallow v1.1.5/go.mod h1:dsXbUu8CRzfYP5a87xpp0xq9S3u0Vchtcl8we9tYaXw=
github.com/phpdave11/gofpdf v1.4.2 h1:KPKiIbfwbvC/wOncwhrpRdXVj2CZTCFlw4wnoyjtHfQ=
github.com/phpdave11/gofpdf v1.4.2/go.mod h1:zpO6xFn9yxo3YLyMvW8HcKWVdbNqgIfOOp2dXMnm1mY=
github.com/phpdave11/gofpdi v1.0.12/go.mod h1:vBmVV0Do6hSBHC8uKUQ71JGW+ZGQq74llk/7bXwjDoI=
github.com/pkg/errors v0.8.1/go.mod h1:bwawxfHBFNV+L2hUp1rHADufV3IMtnDRdf1r5NINEl0=
github.com/pkg/errors v0.9.1/go.mod h1:bwawxfHBFNV+L2hUp1rHADufV3IMtnDRdf1r5NINEl0=
github.com/pmezard/go-difflib v1.0.0/go.mod h1:iKH77koFhYxTK1pcRnkKkqfTogsbg7gZNVY4sRDYZ/4=
github.com/pmezard/go-difflib v1.0.1-0.20181226105442-5d4384ee4fb2 h1:Jamvg5psRIccs7FGNTlIRMkT8wgtp5eCXdBlqhYGL6U=
github.com/pmezard/go-difflib v1.0.1-0.20181226105442-5d4384ee4fb2/go.mod h1:iKH77koFhYxTK1pcRnkKkqfTogsbg7gZNVY4sRDYZ/4=
github.com/rivo/uniseg v0.1.0/go.mod h1:J6wj4VEh+S6ZtnVlnTBMWIodfgj8LQOQFoIToxlJtxc=
github.com/rogpeppe/go-internal v1.12.0 h1:exVL4IDcn6na9z1rAb56Vxr+CgyK3nn3O+epU5NdKM8=
github.com/rogpeppe/go-internal v1.12.0/go.mod h1:E+RYuTGaKKdloAfM02xzb0FW3Paa99yedzYV+kq4uf4=
github.com/ruudk/golang-pdf417 v0.0.0-20181029194003-1af4ab5afa58/go.mod h1:6lfFZQK844Gfx8o5WFuvpxWRwnSoipWe/p622j1v06w=
github.com/santhosh-tekuri/jsonschema/v6 v6.0.2 h1:KRzFb2m7YtdldCEkzs6KqmJw4nqEVZGK7IN2kJkjTuQ=
github.com/santhosh-tekuri/jsonschema/v6 v6.0.2/go.mod h1:JXeL+ps8p7/KNMjDQk3TCwPpBy0wYklyWTfbkIzdIFU=
github.com/scylladb/termtables v0.0.0-20191203121021-c4c0b6d42ff4/go.mod h1:C1a7PQSMz9NShzorzCiG2fk9+xuCgLkPeCvMHYR2OWg=
github.com/sourcegraph/conc v0.3.1-0.20240121214520-5f936abd7ae8 h1:+jumHNA0Wrelhe64i8F6HNlS8pkoyMv5sreGx2Ry5Rw=
github.com/sourcegraph/conc v0.3.1-0.20240121214520-5f936abd7ae8/go.mod h1:3n1Cwaq1E1/1lhQhtRK2ts/ZwZEhjcQeJQ1RuC6Q/8U=
github.com/stephenafamo/goldmark-pdf v0.4.1 h1:vbzvdNi0Ll6QHfzN+roQ6PwyFBjcr6oL8qANTzlYzBU=
github.com/stephenafamo/goldmark-pdf v0.4.1/go.mod h1:CD8m1U/Kb4W+aC6iZMJef6yIstQldHop/9VnZm0knrw=
github.com/stretchr/objx v0.1.0/go.mod h1:HFkY916IF+rwdDfMAkV7OtwuqBVzrE8GR6GFx+wExME=
github.com/stretchr/testify v1.2.2/go.mod h1:a8OnRcib4nhh0OaRAV+Yts87kKdq0PP7pXfy6kDkUVs=
github.com/stretchr/testify v1.3.0/go.mod h1:M5WIy9Dh21IEIfnGCwXGc5bZfKNJtfHm1UVUgZn+9EI=
github.com/stretchr/testify v1.7.0/go.mod h1:6Fq8oRcR53rry900zMqJjRRixrwX3KX962/h/Wwjteg=
github.com/stretchr/testify v1.11.1 h1:7s2iGBzp5EwR7/aIZr8ao5+dra3wiQyKjjFuvgVKu7U=
github.com/stretchr/testify v1.11.1/go.mod h1:wZwfW3scLgRK+23gO65QZefKpKQRnfz6sD981Nm4B6U=
github.com/ugorji/go/codec v1.2.7 h1:YPXUKf7fYbp/y8xloBqZOw2qaVggbfwMlI8WM3wZUJ0=
github.com/ugorji/go/codec v1.2.7/go.mod h1:WGN1fab3R1fzQlVQTkfxVtIBhWDRqOviHU95kRgeqEY=
github.com/woodsbury/decimal128 v1.3.0 h1:8pffMNWIlC0O5vbyHWFZAt5yWvWcrHA+3ovIIjVWss0=
github.com/woodsbury/decimal128 v1.3.0/go.mod h1:C5UTmyTjW3JftjUFzOVhC20BEQa2a4ZKOB5I6Zjb+ds=
github.com/yuin/goldmark v1.7.13 h1:GPddIs617DnBLFFVJFgpo1aBfe/4xcvMc3SB5t/D0pA=
github.com/yuin/goldmark v1.7.13/go.mod h1:ip/1k0VRfGynBgxOz0yCqHrbZXhcjxyuS66Brc7iBKg=
go.uber.org/goleak v1.3.0 h1:2K3zAYmnTNqV73imy9J1T3WC+gmCePx2hEGkimedGto=
go.uber.org/goleak v1.3.0/go.mod h1:CoHD4mav9JJNrW/WLlf7HGZPjdw8EucARQHekz1X6bE=
go.uber.org/multierr v1.11.0 h1:blXXJkSxSSfBVBlC76pxqeO+LN3aDfLQo+309xJstO0=
go.uber.org/multierr v1.11.0/go.mod h1:20+QtiLqy0Nd6FdQB9TLXag12DsQkrbs3htMFfDN80Y=
go.uber.org/zap v1.27.0 h1:aJMhYGrd5QSmlpLMr2MftRKl7t8J8PTZPA732ud/XR8=
go.uber.org/zap v1.27.0/go.mod h1:GB2qFLM7cTU87MWRP2mPIjqfIDnGu+VIO4V/SdhGo2E=
go.yaml.in/yaml/v4 v4.0.0-rc.2 h1:/FrI8D64VSr4HtGIlUtlFMGsm7H7pWTbj6vOLVZcA6s=
go.yaml.in/yaml/v4 v4.0.0-rc.2/go.mod h1:aZqd9kCMsGL7AuUv/m/PvWLdg5sjJsZ4oHDEnfPPfY0=
golang.org/x/exp v0.0.0-20250911091902-df9299821621 h1:2id6c1/gto0kaHYyrixvknJ8tUK/Qs5IsmBtrc+FtgU=
golang.org/x/exp v0.0.0-20250911091902-df9299821621/go.mod h1:TwQYMMnGpvZyc+JpB/UAuTNIsVJifOlSkrZkhcvpVUk=
golang.org/x/image v0.0.0-20190910094157-69e4b8554b2a/go.mod h1:FeLwcggjj3mMvU+oOTbSwawSJRM1uh48EjtB4UJZlP0=
golang.org/x/net v0.44.0 h1:evd8IRDyfNBMBTTY5XRF1vaZlD+EmWx6x8PkhR04H/I=
golang.org/x/net v0.44.0/go.mod h1:ECOoLqd5U3Lhyeyo/QDCEVQ4sNgYsqvCZ722XogGieY=
golang.org/x/sync v0.17.0 h1:l60nONMj9l5drqw6jlhIELNv9I0A4OFgRsG9k2oT9Ug=
golang.org/x/sync v0.17.0/go.mod h1:9KTHXmSnoGruLpwFjVSX0lNNA75CykiMECbovNTZqGI=
golang.org/x/text v0.3.0/go.mod h1:NqM8EUOU14njkJ3fqMW+pc6Ldnwhi/IjpwHt7yyuwOQ=
golang.org/x/text v0.30.0 h1:yznKA/E9zq54KzlzBEAWn1NXSQ8DIp/NYMy88xJjl4k=
golang.org/x/text v0.30.0/go.mod h1:yDdHFIX9t+tORqspjENWgzaCVXgk0yYnYuSZ8UzzBVM=
google.golang.org/protobuf v1.36.10 h1:AYd7cD/uASjIL6Q9LiTjz8JLcrh/88q5UObnmY3aOOE=
google.golang.org/protobuf v1.36.10/go.mod h1:HTf+CrKn2C3g5S8VImy6tdcUvCska2kB7j23XfzDpco=
gopkg.in/check.v1 v0.0.0-20161208181325-20d25e280405/go.mod h1:Co6ibVJAznAaIkqp8huTwlJQCZ016jof/cbN4VW5Yz0=
gopkg.in/check.v1 v1.0.0-20201130134442-10cb98267c6c h1:Hei/4ADfdWqJk1ZMxUNpqntNwaWcugrBjAiHlqqRiVk=
gopkg.in/check.v1 v1.0.0-20201130134442-10cb98267c6c/go.mod h1:JHkPIbrfpd72SG/EVd6muEfDQjcINNoR0C8j2r3qZ4Q=
gopkg.in/natefinch/lumberjack.v2 v2.2.1 h1:bBRl1b0OH9s/DuPhuXpNl+VtCaJXFZ5/uEFST95x9zc=
gopkg.in/natefinch/lumberjack.v2 v2.2.1/go.mod h1:YD8tP3GAjkrDg1eZH7EGmyESg/lsYskCTPBJVb9jqSc=
gopkg.in/yaml.v2 v2.4.0 h1:D8xgwECY7CYvx+Y2n4sBz93Jn9JRvxdiyyo8CTfuKaY=
gopkg.in/yaml.v2 v2.4.0/go.mod h1:RDklbk79AGWmwhnvt/jBztapEOGDOx6ZbXqjP6csGnQ=
gopkg.in/yaml.v3 v3.0.0-20200313102051-9f266ea9e77c/go.mod h1:K4uyk7z7BCEPqu6E+C64Yfv1cQ7kz7rIZviUmN+EgEM=
gopkg.in/yaml.v3 v3.0.1 h1:fxVm/GzAzEWqLHuvctI91KS9hhNmmWOoWu0XTYJS7CA=
gopkg.in/yaml.v3 v3.0.1/go.mod h1:K4uyk7z7BCEPqu6E+C64Yfv1cQ7kz7rIZviUmN+EgEM=
gorm.io/driver/sqlite v1.6.0 h1:WHRRrIiulaPiPFmDcod6prc4l2VGVWHz80KspNsxSfQ=
gorm.io/driver/sqlite v1.6.0/go.mod h1:AO9V1qIQddBESngQUKWL9yoH93HIeA1X6V633rBwyT8=
gorm.io/gorm v1.31.0 h1:0VlycGreVhK7RF/Bwt51Fk8v0xLiiiFdbGDPIZQ7mJY=
gorm.io/gorm v1.31.0/go.mod h1:XyQVbO2k6YkOis7C2437jSit3SsDK72s7n7rsSHd+Gs=
